// !$*UTF8*$!
{
	archiveVersion = 1;
	classes = {
	};
	objectVersion = 55;
	objects = {

/* Begin PBXBuildFile section */
		00167181287587DC0003606F /* MainViewDataModel.swift in Sources */ = {isa = PBXBuildFile; fileRef = 00167180287587DC0003606F /* MainViewDataModel.swift */; };
		00167183287591240003606F /* AccountDetailsViewController.swift in Sources */ = {isa = PBXBuildFile; fileRef = 00167182287591240003606F /* AccountDetailsViewController.swift */; };
		00167185287591480003606F /* AccountDetailsViewModel.swift in Sources */ = {isa = PBXBuildFile; fileRef = 00167184287591480003606F /* AccountDetailsViewModel.swift */; };
		001671872875AD590003606F /* AccountDetailsDataModel.swift in Sources */ = {isa = PBXBuildFile; fileRef = 001671862875AD590003606F /* AccountDetailsDataModel.swift */; };
		002954B9287EF21F004C7AA6 /* StationsViewModel.swift in Sources */ = {isa = PBXBuildFile; fileRef = 002954B8287EF21F004C7AA6 /* StationsViewModel.swift */; };
		002954BB287EF26A004C7AA6 /* StationsViewDataModel.swift in Sources */ = {isa = PBXBuildFile; fileRef = 002954BA287EF26A004C7AA6 /* StationsViewDataModel.swift */; };
		002954BD287EF559004C7AA6 /* StationsCoordinator.swift in Sources */ = {isa = PBXBuildFile; fileRef = 002954BC287EF559004C7AA6 /* StationsCoordinator.swift */; };
		002954BF287EF5D5004C7AA6 /* StationsViewController.swift in Sources */ = {isa = PBXBuildFile; fileRef = 002954BE287EF5D5004C7AA6 /* StationsViewController.swift */; };
		002954C2287F2668004C7AA6 /* StationsViewTableViewHelper.swift in Sources */ = {isa = PBXBuildFile; fileRef = 002954C1287F2668004C7AA6 /* StationsViewTableViewHelper.swift */; };
		002954C5287F289B004C7AA6 /* StationsViewTableViewCell.swift in Sources */ = {isa = PBXBuildFile; fileRef = 002954C4287F289B004C7AA6 /* StationsViewTableViewCell.swift */; };
		005C0F48287021A100E38A5C /* Colors.xcassets in Resources */ = {isa = PBXBuildFile; fileRef = 005C0F47287021A100E38A5C /* Colors.xcassets */; };
		005C0F4B2870236900E38A5C /* UIColor+Extensions.swift in Sources */ = {isa = PBXBuildFile; fileRef = 005C0F4A2870236900E38A5C /* UIColor+Extensions.swift */; };
		005C0F4D2870285200E38A5C /* UIView+Extensions.swift in Sources */ = {isa = PBXBuildFile; fileRef = 005C0F4C2870285200E38A5C /* UIView+Extensions.swift */; };
		005C0F4F2870287900E38A5C /* NSMutableAttributedString+Extensions.swift in Sources */ = {isa = PBXBuildFile; fileRef = 005C0F4E2870287900E38A5C /* NSMutableAttributedString+Extensions.swift */; };
		005F94A72878107100565957 /* DetailsCard.swift in Sources */ = {isa = PBXBuildFile; fileRef = 005F94A62878107100565957 /* DetailsCard.swift */; };
		005F94AB287861E500565957 /* LocationController.swift in Sources */ = {isa = PBXBuildFile; fileRef = 005F94AA287861E500565957 /* LocationController.swift */; };
		0062C57C2874095D00FB16B9 /* MainViewCoordinator.swift in Sources */ = {isa = PBXBuildFile; fileRef = 0062C57B2874095D00FB16B9 /* MainViewCoordinator.swift */; };
		0062C57E28742B0300FB16B9 /* MainViewModel.swift in Sources */ = {isa = PBXBuildFile; fileRef = 0062C57D28742B0300FB16B9 /* MainViewModel.swift */; };
		006CD78F2881956F00D027AA /* AppointmentDateSelectionViewController.swift in Sources */ = {isa = PBXBuildFile; fileRef = 006CD78E2881956F00D027AA /* AppointmentDateSelectionViewController.swift */; };
		006CD7912881958300D027AA /* AppointmentDateSelectionViewModel.swift in Sources */ = {isa = PBXBuildFile; fileRef = 006CD7902881958300D027AA /* AppointmentDateSelectionViewModel.swift */; };
		006CD7932881959900D027AA /* AppointmentDateSelectionViewDataModel.swift in Sources */ = {isa = PBXBuildFile; fileRef = 006CD7922881959900D027AA /* AppointmentDateSelectionViewDataModel.swift */; };
		006CD7952881B46900D027AA /* DateController.swift in Sources */ = {isa = PBXBuildFile; fileRef = 006CD7942881B46900D027AA /* DateController.swift */; };
		006CD7982881C65900D027AA /* AppointmentDateSelectionDatePickerView.swift in Sources */ = {isa = PBXBuildFile; fileRef = 006CD7972881C65900D027AA /* AppointmentDateSelectionDatePickerView.swift */; };
		0075E8782882DAEC0097CDDA /* AppointmentDateSelectionWarningView.swift in Sources */ = {isa = PBXBuildFile; fileRef = 0075E8772882DAEC0097CDDA /* AppointmentDateSelectionWarningView.swift */; };
		0075E87A2882EB140097CDDA /* AppointerDateSelectionSocketHourStackView.swift in Sources */ = {isa = PBXBuildFile; fileRef = 0075E8792882EB140097CDDA /* AppointerDateSelectionSocketHourStackView.swift */; };
		0075E87E28830EE20097CDDA /* AppointmentDateSelectionSlotButton.swift in Sources */ = {isa = PBXBuildFile; fileRef = 0075E87D28830EE20097CDDA /* AppointmentDateSelectionSlotButton.swift */; };
		0075E880288324370097CDDA /* AppointmentDateSelectionCollectionViewCell.swift in Sources */ = {isa = PBXBuildFile; fileRef = 0075E87F288324370097CDDA /* AppointmentDateSelectionCollectionViewCell.swift */; };
		0075EC8028814FB300DEE60F /* StationsViewFilterCollectionHelper.swift in Sources */ = {isa = PBXBuildFile; fileRef = 0075EC7F28814FB300DEE60F /* StationsViewFilterCollectionHelper.swift */; };
		0075EC82288157DC00DEE60F /* StationsViewCollectionViewCell.swift in Sources */ = {isa = PBXBuildFile; fileRef = 0075EC81288157DC00DEE60F /* StationsViewCollectionViewCell.swift */; };
		00A3DEAA287C1E0100E35F27 /* AppointmentData.swift in Sources */ = {isa = PBXBuildFile; fileRef = 00A3DEA9287C1E0100E35F27 /* AppointmentData.swift */; };
		00A3DEAD287C344100E35F27 /* StationTableViewCell.swift in Sources */ = {isa = PBXBuildFile; fileRef = 00A3DEAC287C344100E35F27 /* StationTableViewCell.swift */; };
		00A3DEAF287C384500E35F27 /* AppointmentsStationTableViewCell.swift in Sources */ = {isa = PBXBuildFile; fileRef = 00A3DEAE287C384500E35F27 /* AppointmentsStationTableViewCell.swift */; };
		00A3DEB2287C38A100E35F27 /* AppointmentsTableViewHelper.swift in Sources */ = {isa = PBXBuildFile; fileRef = 00A3DEB1287C38A100E35F27 /* AppointmentsTableViewHelper.swift */; };
		00A4617628800AE80028507B /* FilterViewController.swift in Sources */ = {isa = PBXBuildFile; fileRef = 00A4617528800AE80028507B /* FilterViewController.swift */; };
		00A4617828800AF50028507B /* FilterViewDataModel.swift in Sources */ = {isa = PBXBuildFile; fileRef = 00A4617728800AF50028507B /* FilterViewDataModel.swift */; };
		00A4617A28800B040028507B /* FilterViewModel.swift in Sources */ = {isa = PBXBuildFile; fileRef = 00A4617928800B040028507B /* FilterViewModel.swift */; };
		00A4617E2880446F0028507B /* FilterCategoryStackView.swift in Sources */ = {isa = PBXBuildFile; fileRef = 00A4617D2880446F0028507B /* FilterCategoryStackView.swift */; };
		00A461812880499A0028507B /* FilterCollectionViewCell.swift in Sources */ = {isa = PBXBuildFile; fileRef = 00A461802880499A0028507B /* FilterCollectionViewCell.swift */; };
		00A46183288063230028507B /* FilterSliderStackView.swift in Sources */ = {isa = PBXBuildFile; fileRef = 00A46182288063230028507B /* FilterSliderStackView.swift */; };
		00A62CCA2883E0040096C355 /* AppointmetnDetailsViewController.swift in Sources */ = {isa = PBXBuildFile; fileRef = 00A62CC92883E0040096C355 /* AppointmetnDetailsViewController.swift */; };
		00A62CCC2883E0170096C355 /* AppointmetnDetailsViewModel.swift in Sources */ = {isa = PBXBuildFile; fileRef = 00A62CCB2883E0170096C355 /* AppointmetnDetailsViewModel.swift */; };
		00A62CCE2883E02D0096C355 /* AppointmentDetailsViewDataModel.swift in Sources */ = {isa = PBXBuildFile; fileRef = 00A62CCD2883E02D0096C355 /* AppointmentDetailsViewDataModel.swift */; };
		00A62CD12883E7500096C355 /* AppointmentDetailsRowStackView.swift in Sources */ = {isa = PBXBuildFile; fileRef = 00A62CD02883E7500096C355 /* AppointmentDetailsRowStackView.swift */; };
		00A62CD52883EFE70096C355 /* WarningViewController.swift in Sources */ = {isa = PBXBuildFile; fileRef = 00A62CD42883EFE70096C355 /* WarningViewController.swift */; };
		00A62CD728840DCA0096C355 /* AppointmentDetailsStationInfoView.swift in Sources */ = {isa = PBXBuildFile; fileRef = 00A62CD628840DCA0096C355 /* AppointmentDetailsStationInfoView.swift */; };
		00CD4A102872C64D00D50DB4 /* AppCoordinator.swift in Sources */ = {isa = PBXBuildFile; fileRef = 00CD4A0F2872C64D00D50DB4 /* AppCoordinator.swift */; };
		00D7EDE7286C3FDF00E602D2 /* AppDelegate.swift in Sources */ = {isa = PBXBuildFile; fileRef = 00D7EDE6286C3FDF00E602D2 /* AppDelegate.swift */; };
		00D7EDEB286C3FDF00E602D2 /* ViewController.swift in Sources */ = {isa = PBXBuildFile; fileRef = 00D7EDEA286C3FDF00E602D2 /* ViewController.swift */; };
		00D7EDF0286C3FE300E602D2 /* Assets.xcassets in Resources */ = {isa = PBXBuildFile; fileRef = 00D7EDEF286C3FE300E602D2 /* Assets.xcassets */; };
		00D7EDF3286C3FE300E602D2 /* LaunchScreen.storyboard in Resources */ = {isa = PBXBuildFile; fileRef = 00D7EDF1286C3FE300E602D2 /* LaunchScreen.storyboard */; };
		00D7EDFE286C3FE300E602D2 /* Charger_AppointerTests.swift in Sources */ = {isa = PBXBuildFile; fileRef = 00D7EDFD286C3FE300E602D2 /* Charger_AppointerTests.swift */; };
		00D7EE08286C3FE300E602D2 /* Charger_AppointerUITests.swift in Sources */ = {isa = PBXBuildFile; fileRef = 00D7EE07286C3FE300E602D2 /* Charger_AppointerUITests.swift */; };
		00D7EE0A286C3FE300E602D2 /* Charger_AppointerUITestsLaunchTests.swift in Sources */ = {isa = PBXBuildFile; fileRef = 00D7EE09286C3FE300E602D2 /* Charger_AppointerUITestsLaunchTests.swift */; };
		00D7EE1B286C45E800E602D2 /* Localizable.strings in Resources */ = {isa = PBXBuildFile; fileRef = 00D7EE1D286C45E800E602D2 /* Localizable.strings */; };
		00D7EE20286C480E00E602D2 /* AuthenticationViewController.swift in Sources */ = {isa = PBXBuildFile; fileRef = 00D7EE1F286C480E00E602D2 /* AuthenticationViewController.swift */; };
		00D7EE2C286C724C00E602D2 /* Ubuntu-Regular.ttf in Resources */ = {isa = PBXBuildFile; fileRef = 00D7EE24286C724B00E602D2 /* Ubuntu-Regular.ttf */; };
		00D7EE2D286C724C00E602D2 /* Ubuntu-Bold.ttf in Resources */ = {isa = PBXBuildFile; fileRef = 00D7EE25286C724B00E602D2 /* Ubuntu-Bold.ttf */; };
		00D7EE2E286C724C00E602D2 /* Ubuntu-Light.ttf in Resources */ = {isa = PBXBuildFile; fileRef = 00D7EE26286C724C00E602D2 /* Ubuntu-Light.ttf */; };
		00D7EE2F286C724C00E602D2 /* Ubuntu-BoldItalic.ttf in Resources */ = {isa = PBXBuildFile; fileRef = 00D7EE27286C724C00E602D2 /* Ubuntu-BoldItalic.ttf */; };
		00D7EE30286C724C00E602D2 /* Ubuntu-LightItalic.ttf in Resources */ = {isa = PBXBuildFile; fileRef = 00D7EE28286C724C00E602D2 /* Ubuntu-LightItalic.ttf */; };
		00D7EE31286C724C00E602D2 /* Ubuntu-MediumItalic.ttf in Resources */ = {isa = PBXBuildFile; fileRef = 00D7EE29286C724C00E602D2 /* Ubuntu-MediumItalic.ttf */; };
		00D7EE32286C724C00E602D2 /* Ubuntu-Medium.ttf in Resources */ = {isa = PBXBuildFile; fileRef = 00D7EE2A286C724C00E602D2 /* Ubuntu-Medium.ttf */; };
		00D7EE33286C724C00E602D2 /* Ubuntu-Italic.ttf in Resources */ = {isa = PBXBuildFile; fileRef = 00D7EE2B286C724C00E602D2 /* Ubuntu-Italic.ttf */; };
		00D7EE36286C72FC00E602D2 /* Constants.swift in Sources */ = {isa = PBXBuildFile; fileRef = 00D7EE35286C72FC00E602D2 /* Constants.swift */; };
		00D7EE39286C785300E602D2 /* AuthenticationViewDataModel.swift in Sources */ = {isa = PBXBuildFile; fileRef = 00D7EE38286C785300E602D2 /* AuthenticationViewDataModel.swift */; };
		00E35A352871929700F8EE48 /* Data.swift in Sources */ = {isa = PBXBuildFile; fileRef = 00E35A342871929700F8EE48 /* Data.swift */; };
		00E35A372871952300F8EE48 /* AuthenticationViewModel.swift in Sources */ = {isa = PBXBuildFile; fileRef = 00E35A362871952300F8EE48 /* AuthenticationViewModel.swift */; };
		00E35A392871B49500F8EE48 /* Regex.swift in Sources */ = {isa = PBXBuildFile; fileRef = 00E35A382871B49500F8EE48 /* Regex.swift */; };
		00EC8292287D732900462575 /* AppointmentScreenMessageView.swift in Sources */ = {isa = PBXBuildFile; fileRef = 00EC8291287D732900462575 /* AppointmentScreenMessageView.swift */; };
		00EC8296287D8DC700462575 /* AppointerCoordinator.swift in Sources */ = {isa = PBXBuildFile; fileRef = 00EC8295287D8DC700462575 /* AppointerCoordinator.swift */; };
		00EC8298287D8E9000462575 /* CitiesViewController.swift in Sources */ = {isa = PBXBuildFile; fileRef = 00EC8297287D8E9000462575 /* CitiesViewController.swift */; };
		00EC829E287D94A000462575 /* SearchBarView.swift in Sources */ = {isa = PBXBuildFile; fileRef = 00EC829D287D94A000462575 /* SearchBarView.swift */; };
		00EC82A0287D96E500462575 /* CitiesViewModel.swift in Sources */ = {isa = PBXBuildFile; fileRef = 00EC829F287D96E500462575 /* CitiesViewModel.swift */; };
		00EC82A2287DA10B00462575 /* CitiesViewDataModel.swift in Sources */ = {isa = PBXBuildFile; fileRef = 00EC82A1287DA10B00462575 /* CitiesViewDataModel.swift */; };
		00EC82A9287DA93F00462575 /* CitiesViewTableViewHelper.swift in Sources */ = {isa = PBXBuildFile; fileRef = 00EC82A8287DA93F00462575 /* CitiesViewTableViewHelper.swift */; };
/* End PBXBuildFile section */

/* Begin PBXContainerItemProxy section */
		00FC8918287C4370002C35AB /* PBXContainerItemProxy */ = {
			isa = PBXContainerItemProxy;
			containerPortal = 00D7EDDB286C3FDF00E602D2 /* Project object */;
			proxyType = 1;
			remoteGlobalIDString = 00D7EDE2286C3FDF00E602D2;
			remoteInfo = "Charger Appointer";
		};
		00FC891A287C4375002C35AB /* PBXContainerItemProxy */ = {
			isa = PBXContainerItemProxy;
			containerPortal = 00D7EDDB286C3FDF00E602D2 /* Project object */;
			proxyType = 1;
			remoteGlobalIDString = 00D7EDE2286C3FDF00E602D2;
			remoteInfo = "Charger Appointer";
		};
/* End PBXContainerItemProxy section */

/* Begin PBXFileReference section */
		00167180287587DC0003606F /* MainViewDataModel.swift */ = {isa = PBXFileReference; lastKnownFileType = sourcecode.swift; path = MainViewDataModel.swift; sourceTree = "<group>"; };
		00167182287591240003606F /* AccountDetailsViewController.swift */ = {isa = PBXFileReference; lastKnownFileType = sourcecode.swift; path = AccountDetailsViewController.swift; sourceTree = "<group>"; };
		00167184287591480003606F /* AccountDetailsViewModel.swift */ = {isa = PBXFileReference; lastKnownFileType = sourcecode.swift; path = AccountDetailsViewModel.swift; sourceTree = "<group>"; };
		001671862875AD590003606F /* AccountDetailsDataModel.swift */ = {isa = PBXFileReference; lastKnownFileType = sourcecode.swift; path = AccountDetailsDataModel.swift; sourceTree = "<group>"; };
		002954B8287EF21F004C7AA6 /* StationsViewModel.swift */ = {isa = PBXFileReference; lastKnownFileType = sourcecode.swift; path = StationsViewModel.swift; sourceTree = "<group>"; };
		002954BA287EF26A004C7AA6 /* StationsViewDataModel.swift */ = {isa = PBXFileReference; lastKnownFileType = sourcecode.swift; path = StationsViewDataModel.swift; sourceTree = "<group>"; };
		002954BC287EF559004C7AA6 /* StationsCoordinator.swift */ = {isa = PBXFileReference; lastKnownFileType = sourcecode.swift; path = StationsCoordinator.swift; sourceTree = "<group>"; };
		002954BE287EF5D5004C7AA6 /* StationsViewController.swift */ = {isa = PBXFileReference; lastKnownFileType = sourcecode.swift; path = StationsViewController.swift; sourceTree = "<group>"; };
		002954C1287F2668004C7AA6 /* StationsViewTableViewHelper.swift */ = {isa = PBXFileReference; lastKnownFileType = sourcecode.swift; path = StationsViewTableViewHelper.swift; sourceTree = "<group>"; };
		002954C4287F289B004C7AA6 /* StationsViewTableViewCell.swift */ = {isa = PBXFileReference; lastKnownFileType = sourcecode.swift; path = StationsViewTableViewCell.swift; sourceTree = "<group>"; };
		005C0F47287021A100E38A5C /* Colors.xcassets */ = {isa = PBXFileReference; lastKnownFileType = folder.assetcatalog; path = Colors.xcassets; sourceTree = "<group>"; };
		005C0F4A2870236900E38A5C /* UIColor+Extensions.swift */ = {isa = PBXFileReference; lastKnownFileType = sourcecode.swift; path = "UIColor+Extensions.swift"; sourceTree = "<group>"; };
		005C0F4C2870285200E38A5C /* UIView+Extensions.swift */ = {isa = PBXFileReference; lastKnownFileType = sourcecode.swift; path = "UIView+Extensions.swift"; sourceTree = "<group>"; };
		005C0F4E2870287900E38A5C /* NSMutableAttributedString+Extensions.swift */ = {isa = PBXFileReference; lastKnownFileType = sourcecode.swift; path = "NSMutableAttributedString+Extensions.swift"; sourceTree = "<group>"; };
		005F94A62878107100565957 /* DetailsCard.swift */ = {isa = PBXFileReference; lastKnownFileType = sourcecode.swift; path = DetailsCard.swift; sourceTree = "<group>"; };
		005F94AA287861E500565957 /* LocationController.swift */ = {isa = PBXFileReference; lastKnownFileType = sourcecode.swift; path = LocationController.swift; sourceTree = "<group>"; };
		0062C57B2874095D00FB16B9 /* MainViewCoordinator.swift */ = {isa = PBXFileReference; lastKnownFileType = sourcecode.swift; path = MainViewCoordinator.swift; sourceTree = "<group>"; };
		0062C57D28742B0300FB16B9 /* MainViewModel.swift */ = {isa = PBXFileReference; lastKnownFileType = sourcecode.swift; path = MainViewModel.swift; sourceTree = "<group>"; };
		006CD78E2881956F00D027AA /* AppointmentDateSelectionViewController.swift */ = {isa = PBXFileReference; lastKnownFileType = sourcecode.swift; path = AppointmentDateSelectionViewController.swift; sourceTree = "<group>"; };
		006CD7902881958300D027AA /* AppointmentDateSelectionViewModel.swift */ = {isa = PBXFileReference; lastKnownFileType = sourcecode.swift; path = AppointmentDateSelectionViewModel.swift; sourceTree = "<group>"; };
		006CD7922881959900D027AA /* AppointmentDateSelectionViewDataModel.swift */ = {isa = PBXFileReference; lastKnownFileType = sourcecode.swift; path = AppointmentDateSelectionViewDataModel.swift; sourceTree = "<group>"; };
		006CD7942881B46900D027AA /* DateController.swift */ = {isa = PBXFileReference; lastKnownFileType = sourcecode.swift; path = DateController.swift; sourceTree = "<group>"; };
		006CD7972881C65900D027AA /* AppointmentDateSelectionDatePickerView.swift */ = {isa = PBXFileReference; lastKnownFileType = sourcecode.swift; path = AppointmentDateSelectionDatePickerView.swift; sourceTree = "<group>"; };
		0075E8772882DAEC0097CDDA /* AppointmentDateSelectionWarningView.swift */ = {isa = PBXFileReference; lastKnownFileType = sourcecode.swift; path = AppointmentDateSelectionWarningView.swift; sourceTree = "<group>"; };
		0075E8792882EB140097CDDA /* AppointerDateSelectionSocketHourStackView.swift */ = {isa = PBXFileReference; lastKnownFileType = sourcecode.swift; path = AppointerDateSelectionSocketHourStackView.swift; sourceTree = "<group>"; };
		0075E87D28830EE20097CDDA /* AppointmentDateSelectionSlotButton.swift */ = {isa = PBXFileReference; lastKnownFileType = sourcecode.swift; path = AppointmentDateSelectionSlotButton.swift; sourceTree = "<group>"; };
		0075E87F288324370097CDDA /* AppointmentDateSelectionCollectionViewCell.swift */ = {isa = PBXFileReference; fileEncoding = 4; lastKnownFileType = sourcecode.swift; path = AppointmentDateSelectionCollectionViewCell.swift; sourceTree = "<group>"; };
		0075EC7F28814FB300DEE60F /* StationsViewFilterCollectionHelper.swift */ = {isa = PBXFileReference; lastKnownFileType = sourcecode.swift; path = StationsViewFilterCollectionHelper.swift; sourceTree = "<group>"; };
		0075EC81288157DC00DEE60F /* StationsViewCollectionViewCell.swift */ = {isa = PBXFileReference; lastKnownFileType = sourcecode.swift; path = StationsViewCollectionViewCell.swift; sourceTree = "<group>"; };
		00A3DEA9287C1E0100E35F27 /* AppointmentData.swift */ = {isa = PBXFileReference; lastKnownFileType = sourcecode.swift; path = AppointmentData.swift; sourceTree = "<group>"; };
		00A3DEAC287C344100E35F27 /* StationTableViewCell.swift */ = {isa = PBXFileReference; lastKnownFileType = sourcecode.swift; path = StationTableViewCell.swift; sourceTree = "<group>"; };
		00A3DEAE287C384500E35F27 /* AppointmentsStationTableViewCell.swift */ = {isa = PBXFileReference; lastKnownFileType = sourcecode.swift; path = AppointmentsStationTableViewCell.swift; sourceTree = "<group>"; };
		00A3DEB1287C38A100E35F27 /* AppointmentsTableViewHelper.swift */ = {isa = PBXFileReference; lastKnownFileType = sourcecode.swift; path = AppointmentsTableViewHelper.swift; sourceTree = "<group>"; };
		00A4617528800AE80028507B /* FilterViewController.swift */ = {isa = PBXFileReference; lastKnownFileType = sourcecode.swift; path = FilterViewController.swift; sourceTree = "<group>"; };
		00A4617728800AF50028507B /* FilterViewDataModel.swift */ = {isa = PBXFileReference; lastKnownFileType = sourcecode.swift; path = FilterViewDataModel.swift; sourceTree = "<group>"; };
		00A4617928800B040028507B /* FilterViewModel.swift */ = {isa = PBXFileReference; lastKnownFileType = sourcecode.swift; path = FilterViewModel.swift; sourceTree = "<group>"; };
		00A4617D2880446F0028507B /* FilterCategoryStackView.swift */ = {isa = PBXFileReference; lastKnownFileType = sourcecode.swift; path = FilterCategoryStackView.swift; sourceTree = "<group>"; };
		00A461802880499A0028507B /* FilterCollectionViewCell.swift */ = {isa = PBXFileReference; lastKnownFileType = sourcecode.swift; path = FilterCollectionViewCell.swift; sourceTree = "<group>"; };
		00A46182288063230028507B /* FilterSliderStackView.swift */ = {isa = PBXFileReference; lastKnownFileType = sourcecode.swift; path = FilterSliderStackView.swift; sourceTree = "<group>"; };
		00A62CC92883E0040096C355 /* AppointmetnDetailsViewController.swift */ = {isa = PBXFileReference; lastKnownFileType = sourcecode.swift; path = AppointmetnDetailsViewController.swift; sourceTree = "<group>"; };
		00A62CCB2883E0170096C355 /* AppointmetnDetailsViewModel.swift */ = {isa = PBXFileReference; lastKnownFileType = sourcecode.swift; path = AppointmetnDetailsViewModel.swift; sourceTree = "<group>"; };
		00A62CCD2883E02D0096C355 /* AppointmentDetailsViewDataModel.swift */ = {isa = PBXFileReference; lastKnownFileType = sourcecode.swift; path = AppointmentDetailsViewDataModel.swift; sourceTree = "<group>"; };
		00A62CD02883E7500096C355 /* AppointmentDetailsRowStackView.swift */ = {isa = PBXFileReference; lastKnownFileType = sourcecode.swift; path = AppointmentDetailsRowStackView.swift; sourceTree = "<group>"; };
		00A62CD42883EFE70096C355 /* WarningViewController.swift */ = {isa = PBXFileReference; lastKnownFileType = sourcecode.swift; path = WarningViewController.swift; sourceTree = "<group>"; };
		00A62CD628840DCA0096C355 /* AppointmentDetailsStationInfoView.swift */ = {isa = PBXFileReference; lastKnownFileType = sourcecode.swift; path = AppointmentDetailsStationInfoView.swift; sourceTree = "<group>"; };
		00CD4A0F2872C64D00D50DB4 /* AppCoordinator.swift */ = {isa = PBXFileReference; lastKnownFileType = sourcecode.swift; path = AppCoordinator.swift; sourceTree = "<group>"; };
		00D7EDE3286C3FDF00E602D2 /* Charger Appointer.app */ = {isa = PBXFileReference; explicitFileType = wrapper.application; includeInIndex = 0; path = "Charger Appointer.app"; sourceTree = BUILT_PRODUCTS_DIR; };
		00D7EDE6286C3FDF00E602D2 /* AppDelegate.swift */ = {isa = PBXFileReference; lastKnownFileType = sourcecode.swift; path = AppDelegate.swift; sourceTree = "<group>"; };
		00D7EDEA286C3FDF00E602D2 /* ViewController.swift */ = {isa = PBXFileReference; lastKnownFileType = sourcecode.swift; path = ViewController.swift; sourceTree = "<group>"; };
		00D7EDEF286C3FE300E602D2 /* Assets.xcassets */ = {isa = PBXFileReference; lastKnownFileType = folder.assetcatalog; path = Assets.xcassets; sourceTree = "<group>"; };
		00D7EDF2286C3FE300E602D2 /* Base */ = {isa = PBXFileReference; lastKnownFileType = file.storyboard; name = Base; path = Base.lproj/LaunchScreen.storyboard; sourceTree = "<group>"; };
		00D7EDF4286C3FE300E602D2 /* Info.plist */ = {isa = PBXFileReference; lastKnownFileType = text.plist.xml; path = Info.plist; sourceTree = "<group>"; };
		00D7EDF9286C3FE300E602D2 /* Charger AppointerTests.xctest */ = {isa = PBXFileReference; explicitFileType = wrapper.cfbundle; includeInIndex = 0; path = "Charger AppointerTests.xctest"; sourceTree = BUILT_PRODUCTS_DIR; };
		00D7EDFD286C3FE300E602D2 /* Charger_AppointerTests.swift */ = {isa = PBXFileReference; lastKnownFileType = sourcecode.swift; path = Charger_AppointerTests.swift; sourceTree = "<group>"; };
		00D7EE03286C3FE300E602D2 /* Charger AppointerUITests.xctest */ = {isa = PBXFileReference; explicitFileType = wrapper.cfbundle; includeInIndex = 0; path = "Charger AppointerUITests.xctest"; sourceTree = BUILT_PRODUCTS_DIR; };
		00D7EE07286C3FE300E602D2 /* Charger_AppointerUITests.swift */ = {isa = PBXFileReference; lastKnownFileType = sourcecode.swift; path = Charger_AppointerUITests.swift; sourceTree = "<group>"; };
		00D7EE09286C3FE300E602D2 /* Charger_AppointerUITestsLaunchTests.swift */ = {isa = PBXFileReference; lastKnownFileType = sourcecode.swift; path = Charger_AppointerUITestsLaunchTests.swift; sourceTree = "<group>"; };
		00D7EE1C286C45E800E602D2 /* en */ = {isa = PBXFileReference; lastKnownFileType = text.plist.strings; name = en; path = en.lproj/Localizable.strings; sourceTree = "<group>"; };
		00D7EE1F286C480E00E602D2 /* AuthenticationViewController.swift */ = {isa = PBXFileReference; lastKnownFileType = sourcecode.swift; path = AuthenticationViewController.swift; sourceTree = "<group>"; };
		00D7EE21286C52D100E602D2 /* tr */ = {isa = PBXFileReference; lastKnownFileType = text.plist.strings; name = tr; path = tr.lproj/LaunchScreen.strings; sourceTree = "<group>"; };
		00D7EE22286C52DE00E602D2 /* tr */ = {isa = PBXFileReference; lastKnownFileType = text.plist.strings; name = tr; path = tr.lproj/Localizable.strings; sourceTree = "<group>"; };
		00D7EE24286C724B00E602D2 /* Ubuntu-Regular.ttf */ = {isa = PBXFileReference; lastKnownFileType = file; path = "Ubuntu-Regular.ttf"; sourceTree = "<group>"; };
		00D7EE25286C724B00E602D2 /* Ubuntu-Bold.ttf */ = {isa = PBXFileReference; lastKnownFileType = file; path = "Ubuntu-Bold.ttf"; sourceTree = "<group>"; };
		00D7EE26286C724C00E602D2 /* Ubuntu-Light.ttf */ = {isa = PBXFileReference; lastKnownFileType = file; path = "Ubuntu-Light.ttf"; sourceTree = "<group>"; };
		00D7EE27286C724C00E602D2 /* Ubuntu-BoldItalic.ttf */ = {isa = PBXFileReference; lastKnownFileType = file; path = "Ubuntu-BoldItalic.ttf"; sourceTree = "<group>"; };
		00D7EE28286C724C00E602D2 /* Ubuntu-LightItalic.ttf */ = {isa = PBXFileReference; lastKnownFileType = file; path = "Ubuntu-LightItalic.ttf"; sourceTree = "<group>"; };
		00D7EE29286C724C00E602D2 /* Ubuntu-MediumItalic.ttf */ = {isa = PBXFileReference; lastKnownFileType = file; path = "Ubuntu-MediumItalic.ttf"; sourceTree = "<group>"; };
		00D7EE2A286C724C00E602D2 /* Ubuntu-Medium.ttf */ = {isa = PBXFileReference; lastKnownFileType = file; path = "Ubuntu-Medium.ttf"; sourceTree = "<group>"; };
		00D7EE2B286C724C00E602D2 /* Ubuntu-Italic.ttf */ = {isa = PBXFileReference; lastKnownFileType = file; path = "Ubuntu-Italic.ttf"; sourceTree = "<group>"; };
		00D7EE35286C72FC00E602D2 /* Constants.swift */ = {isa = PBXFileReference; lastKnownFileType = sourcecode.swift; path = Constants.swift; sourceTree = "<group>"; };
		00D7EE38286C785300E602D2 /* AuthenticationViewDataModel.swift */ = {isa = PBXFileReference; lastKnownFileType = sourcecode.swift; path = AuthenticationViewDataModel.swift; sourceTree = "<group>"; };
		00E35A342871929700F8EE48 /* Data.swift */ = {isa = PBXFileReference; lastKnownFileType = sourcecode.swift; path = Data.swift; sourceTree = "<group>"; };
		00E35A362871952300F8EE48 /* AuthenticationViewModel.swift */ = {isa = PBXFileReference; lastKnownFileType = sourcecode.swift; path = AuthenticationViewModel.swift; sourceTree = "<group>"; };
		00E35A382871B49500F8EE48 /* Regex.swift */ = {isa = PBXFileReference; lastKnownFileType = sourcecode.swift; path = Regex.swift; sourceTree = "<group>"; };
		00EC8291287D732900462575 /* AppointmentScreenMessageView.swift */ = {isa = PBXFileReference; lastKnownFileType = sourcecode.swift; path = AppointmentScreenMessageView.swift; sourceTree = "<group>"; };
		00EC8295287D8DC700462575 /* AppointerCoordinator.swift */ = {isa = PBXFileReference; lastKnownFileType = sourcecode.swift; path = AppointerCoordinator.swift; sourceTree = "<group>"; };
		00EC8297287D8E9000462575 /* CitiesViewController.swift */ = {isa = PBXFileReference; lastKnownFileType = sourcecode.swift; path = CitiesViewController.swift; sourceTree = "<group>"; };
		00EC829D287D94A000462575 /* SearchBarView.swift */ = {isa = PBXFileReference; lastKnownFileType = sourcecode.swift; path = SearchBarView.swift; sourceTree = "<group>"; };
		00EC829F287D96E500462575 /* CitiesViewModel.swift */ = {isa = PBXFileReference; lastKnownFileType = sourcecode.swift; path = CitiesViewModel.swift; sourceTree = "<group>"; };
		00EC82A1287DA10B00462575 /* CitiesViewDataModel.swift */ = {isa = PBXFileReference; lastKnownFileType = sourcecode.swift; path = CitiesViewDataModel.swift; sourceTree = "<group>"; };
		00EC82A8287DA93F00462575 /* CitiesViewTableViewHelper.swift */ = {isa = PBXFileReference; lastKnownFileType = sourcecode.swift; path = CitiesViewTableViewHelper.swift; sourceTree = "<group>"; };
/* End PBXFileReference section */

/* Begin PBXFrameworksBuildPhase section */
		00D7EDE0286C3FDF00E602D2 /* Frameworks */ = {
			isa = PBXFrameworksBuildPhase;
			buildActionMask = 2147483647;
			files = (
			);
			runOnlyForDeploymentPostprocessing = 0;
		};
		00D7EDF6286C3FE300E602D2 /* Frameworks */ = {
			isa = PBXFrameworksBuildPhase;
			buildActionMask = 2147483647;
			files = (
			);
			runOnlyForDeploymentPostprocessing = 0;
		};
		00D7EE00286C3FE300E602D2 /* Frameworks */ = {
			isa = PBXFrameworksBuildPhase;
			buildActionMask = 2147483647;
			files = (
			);
			runOnlyForDeploymentPostprocessing = 0;
		};
/* End PBXFrameworksBuildPhase section */

/* Begin PBXGroup section */
		0016717D287583A70003606F /* Views */ = {
			isa = PBXGroup;
			children = (
				005F94A82878264100565957 /* Appointments View */,
				005F94A92878264900565957 /* Accounts Details View */,
			);
			path = Views;
			sourceTree = "<group>";
		};
		0016717E287583C70003606F /* View Models */ = {
			isa = PBXGroup;
			children = (
				0062C57D28742B0300FB16B9 /* MainViewModel.swift */,
				00167184287591480003606F /* AccountDetailsViewModel.swift */,
			);
			path = "View Models";
			sourceTree = "<group>";
		};
		0016717F287583E80003606F /* Entities */ = {
			isa = PBXGroup;
			children = (
				00167180287587DC0003606F /* MainViewDataModel.swift */,
				00A3DEA9287C1E0100E35F27 /* AppointmentData.swift */,
				001671862875AD590003606F /* AccountDetailsDataModel.swift */,
			);
			path = Entities;
			sourceTree = "<group>";
		};
		002954B6287ECBE7004C7AA6 /* Cities View */ = {
			isa = PBXGroup;
			children = (
				00EC8297287D8E9000462575 /* CitiesViewController.swift */,
				00EC82A7287DA92400462575 /* Helpers */,
				00EC82A5287DA8DE00462575 /* UI Components */,
			);
			path = "Cities View";
			sourceTree = "<group>";
		};
		002954B7287ECC1A004C7AA6 /* Stations View */ = {
			isa = PBXGroup;
			children = (
				002954BE287EF5D5004C7AA6 /* StationsViewController.swift */,
				002954C0287F264E004C7AA6 /* Helpers */,
				002954C3287F2853004C7AA6 /* UI Components */,
			);
			path = "Stations View";
			sourceTree = "<group>";
		};
		002954C0287F264E004C7AA6 /* Helpers */ = {
			isa = PBXGroup;
			children = (
				002954C1287F2668004C7AA6 /* StationsViewTableViewHelper.swift */,
				0075EC7F28814FB300DEE60F /* StationsViewFilterCollectionHelper.swift */,
			);
			path = Helpers;
			sourceTree = "<group>";
		};
		002954C3287F2853004C7AA6 /* UI Components */ = {
			isa = PBXGroup;
			children = (
				002954C4287F289B004C7AA6 /* StationsViewTableViewCell.swift */,
				0075EC81288157DC00DEE60F /* StationsViewCollectionViewCell.swift */,
			);
			path = "UI Components";
			sourceTree = "<group>";
		};
		005C0F462870218700E38A5C /* Assets */ = {
			isa = PBXGroup;
			children = (
				00D7EDEF286C3FE300E602D2 /* Assets.xcassets */,
				005C0F47287021A100E38A5C /* Colors.xcassets */,
			);
			path = Assets;
			sourceTree = "<group>";
		};
		005C0F492870235600E38A5C /* Extensions */ = {
			isa = PBXGroup;
			children = (
				005C0F4A2870236900E38A5C /* UIColor+Extensions.swift */,
				005C0F4C2870285200E38A5C /* UIView+Extensions.swift */,
				005C0F4E2870287900E38A5C /* NSMutableAttributedString+Extensions.swift */,
			);
			path = Extensions;
			sourceTree = "<group>";
		};
		005F94A82878264100565957 /* Appointments View */ = {
			isa = PBXGroup;
			children = (
				00D7EDEA286C3FDF00E602D2 /* ViewController.swift */,
				00A3DEB0287C388B00E35F27 /* Helpers */,
				00A3DEAB287C340500E35F27 /* UI Components */,
			);
			path = "Appointments View";
			sourceTree = "<group>";
		};
		005F94A92878264900565957 /* Accounts Details View */ = {
			isa = PBXGroup;
			children = (
				00167182287591240003606F /* AccountDetailsViewController.swift */,
				005F94A62878107100565957 /* DetailsCard.swift */,
			);
			path = "Accounts Details View";
			sourceTree = "<group>";
		};
		0062C57A2874093B00FB16B9 /* Main View */ = {
			isa = PBXGroup;
			children = (
				0062C57B2874095D00FB16B9 /* MainViewCoordinator.swift */,
				0016717D287583A70003606F /* Views */,
				0016717E287583C70003606F /* View Models */,
				0016717F287583E80003606F /* Entities */,
			);
			path = "Main View";
			sourceTree = "<group>";
		};
		006CD78D2881939600D027AA /* Appointment Date Selection View */ = {
			isa = PBXGroup;
			children = (
				006CD78E2881956F00D027AA /* AppointmentDateSelectionViewController.swift */,
				0075E87F288324370097CDDA /* AppointmentDateSelectionCollectionViewCell.swift */,
				006CD7962881C58400D027AA /* UI Components */,
			);
			path = "Appointment Date Selection View";
			sourceTree = "<group>";
		};
		006CD7962881C58400D027AA /* UI Components */ = {
			isa = PBXGroup;
			children = (
				006CD7972881C65900D027AA /* AppointmentDateSelectionDatePickerView.swift */,
				0075E87D28830EE20097CDDA /* AppointmentDateSelectionSlotButton.swift */,
				0075E8772882DAEC0097CDDA /* AppointmentDateSelectionWarningView.swift */,
				0075E8792882EB140097CDDA /* AppointerDateSelectionSocketHourStackView.swift */,
			);
			path = "UI Components";
			sourceTree = "<group>";
		};
		00A3DEAB287C340500E35F27 /* UI Components */ = {
			isa = PBXGroup;
			children = (
				00A3DEAC287C344100E35F27 /* StationTableViewCell.swift */,
				00EC8291287D732900462575 /* AppointmentScreenMessageView.swift */,
				00A3DEAE287C384500E35F27 /* AppointmentsStationTableViewCell.swift */,
			);
			path = "UI Components";
			sourceTree = "<group>";
		};
		00A3DEB0287C388B00E35F27 /* Helpers */ = {
			isa = PBXGroup;
			children = (
				00A3DEB1287C38A100E35F27 /* AppointmentsTableViewHelper.swift */,
			);
			path = Helpers;
			sourceTree = "<group>";
		};
		00A4617428800ACF0028507B /* Filter View */ = {
			isa = PBXGroup;
			children = (
				00A4617528800AE80028507B /* FilterViewController.swift */,
				00A4617C288044340028507B /* Helpers */,
				00A4617B288043E50028507B /* UIComponents */,
			);
			path = "Filter View";
			sourceTree = "<group>";
		};
		00A4617B288043E50028507B /* UIComponents */ = {
			isa = PBXGroup;
			children = (
				00A4617D2880446F0028507B /* FilterCategoryStackView.swift */,
				00A46182288063230028507B /* FilterSliderStackView.swift */,
				00A461802880499A0028507B /* FilterCollectionViewCell.swift */,
			);
			path = UIComponents;
			sourceTree = "<group>";
		};
		00A4617C288044340028507B /* Helpers */ = {
			isa = PBXGroup;
			children = (
			);
			path = Helpers;
			sourceTree = "<group>";
		};
		00A62CC82883DFE20096C355 /* Appointment Details View */ = {
			isa = PBXGroup;
			children = (
				00A62CC92883E0040096C355 /* AppointmetnDetailsViewController.swift */,
				00A62CCB2883E0170096C355 /* AppointmetnDetailsViewModel.swift */,
				00A62CCD2883E02D0096C355 /* AppointmentDetailsViewDataModel.swift */,
				00A62CCF2883E7020096C355 /* UI Components */,
			);
			path = "Appointment Details View";
			sourceTree = "<group>";
		};
		00A62CCF2883E7020096C355 /* UI Components */ = {
			isa = PBXGroup;
			children = (
				00A62CD02883E7500096C355 /* AppointmentDetailsRowStackView.swift */,
				00A62CD628840DCA0096C355 /* AppointmentDetailsStationInfoView.swift */,
			);
			path = "UI Components";
			sourceTree = "<group>";
		};
		00A62CD22883EFAB0096C355 /* Common UI Views */ = {
			isa = PBXGroup;
			children = (
				00A62CD32883EFBB0096C355 /* Warning View */,
			);
			path = "Common UI Views";
			sourceTree = "<group>";
		};
		00A62CD32883EFBB0096C355 /* Warning View */ = {
			isa = PBXGroup;
			children = (
				00A62CD42883EFE70096C355 /* WarningViewController.swift */,
			);
			path = "Warning View";
			sourceTree = "<group>";
		};
		00D7EDDA286C3FDF00E602D2 = {
			isa = PBXGroup;
			children = (
				00D7EDE5286C3FDF00E602D2 /* Charger Appointer */,
				00D7EDFC286C3FE300E602D2 /* Charger AppointerTests */,
				00D7EE06286C3FE300E602D2 /* Charger AppointerUITests */,
				00D7EDE4286C3FDF00E602D2 /* Products */,
			);
			sourceTree = "<group>";
		};
		00D7EDE4286C3FDF00E602D2 /* Products */ = {
			isa = PBXGroup;
			children = (
				00D7EDE3286C3FDF00E602D2 /* Charger Appointer.app */,
				00D7EDF9286C3FE300E602D2 /* Charger AppointerTests.xctest */,
				00D7EE03286C3FE300E602D2 /* Charger AppointerUITests.xctest */,
			);
			name = Products;
			sourceTree = "<group>";
		};
		00D7EDE5286C3FDF00E602D2 /* Charger Appointer */ = {
			isa = PBXGroup;
			children = (
				005C0F492870235600E38A5C /* Extensions */,
				00D7EE35286C72FC00E602D2 /* Constants.swift */,
				00D7EE23286C723200E602D2 /* Fonts */,
				00D7EE1D286C45E800E602D2 /* Localizable.strings */,
				00D7EDE6286C3FDF00E602D2 /* AppDelegate.swift */,
				00CD4A0F2872C64D00D50DB4 /* AppCoordinator.swift */,
				005F94AA287861E500565957 /* LocationController.swift */,
				006CD7942881B46900D027AA /* DateController.swift */,
				00A62CD22883EFAB0096C355 /* Common UI Views */,
				00D7EE16286C40AC00E602D2 /* Authentication View */,
				0062C57A2874093B00FB16B9 /* Main View */,
				00EC8293287D8D9400462575 /* Appointer View */,
				005C0F462870218700E38A5C /* Assets */,
				00D7EDF1286C3FE300E602D2 /* LaunchScreen.storyboard */,
				00D7EDF4286C3FE300E602D2 /* Info.plist */,
				00E35A382871B49500F8EE48 /* Regex.swift */,
			);
			path = "Charger Appointer";
			sourceTree = "<group>";
		};
		00D7EDFC286C3FE300E602D2 /* Charger AppointerTests */ = {
			isa = PBXGroup;
			children = (
				00D7EDFD286C3FE300E602D2 /* Charger_AppointerTests.swift */,
			);
			path = "Charger AppointerTests";
			sourceTree = "<group>";
		};
		00D7EE06286C3FE300E602D2 /* Charger AppointerUITests */ = {
			isa = PBXGroup;
			children = (
				00D7EE07286C3FE300E602D2 /* Charger_AppointerUITests.swift */,
				00D7EE09286C3FE300E602D2 /* Charger_AppointerUITestsLaunchTests.swift */,
			);
			path = "Charger AppointerUITests";
			sourceTree = "<group>";
		};
		00D7EE16286C40AC00E602D2 /* Authentication View */ = {
			isa = PBXGroup;
			children = (
				00D7EE1F286C480E00E602D2 /* AuthenticationViewController.swift */,
				00E35A362871952300F8EE48 /* AuthenticationViewModel.swift */,
				00D7EE37286C783900E602D2 /* Entities */,
			);
			path = "Authentication View";
			sourceTree = "<group>";
		};
		00D7EE23286C723200E602D2 /* Fonts */ = {
			isa = PBXGroup;
			children = (
				00D7EE25286C724B00E602D2 /* Ubuntu-Bold.ttf */,
				00D7EE27286C724C00E602D2 /* Ubuntu-BoldItalic.ttf */,
				00D7EE2B286C724C00E602D2 /* Ubuntu-Italic.ttf */,
				00D7EE26286C724C00E602D2 /* Ubuntu-Light.ttf */,
				00D7EE28286C724C00E602D2 /* Ubuntu-LightItalic.ttf */,
				00D7EE2A286C724C00E602D2 /* Ubuntu-Medium.ttf */,
				00D7EE29286C724C00E602D2 /* Ubuntu-MediumItalic.ttf */,
				00D7EE24286C724B00E602D2 /* Ubuntu-Regular.ttf */,
			);
			path = Fonts;
			sourceTree = "<group>";
		};
		00D7EE37286C783900E602D2 /* Entities */ = {
			isa = PBXGroup;
			children = (
				00D7EE38286C785300E602D2 /* AuthenticationViewDataModel.swift */,
				00E35A342871929700F8EE48 /* Data.swift */,
			);
			path = Entities;
			sourceTree = "<group>";
		};
		00EC8293287D8D9400462575 /* Appointer View */ = {
			isa = PBXGroup;
			children = (
				00EC8295287D8DC700462575 /* AppointerCoordinator.swift */,
				002954BC287EF559004C7AA6 /* StationsCoordinator.swift */,
				00EC82A3287DA8BC00462575 /* Views */,
				00EC82A6287DA8FB00462575 /* View Models */,
				00EC82A4287DA8D500462575 /* Entities */,
			);
			path = "Appointer View";
			sourceTree = "<group>";
		};
		00EC82A3287DA8BC00462575 /* Views */ = {
			isa = PBXGroup;
			children = (
				00A62CC82883DFE20096C355 /* Appointment Details View */,
				006CD78D2881939600D027AA /* Appointment Date Selection View */,
				00A4617428800ACF0028507B /* Filter View */,
				002954B7287ECC1A004C7AA6 /* Stations View */,
				002954B6287ECBE7004C7AA6 /* Cities View */,
			);
			path = Views;
			sourceTree = "<group>";
		};
		00EC82A4287DA8D500462575 /* Entities */ = {
			isa = PBXGroup;
			children = (
				00EC82A1287DA10B00462575 /* CitiesViewDataModel.swift */,
				002954BA287EF26A004C7AA6 /* StationsViewDataModel.swift */,
				00A4617728800AF50028507B /* FilterViewDataModel.swift */,
				006CD7922881959900D027AA /* AppointmentDateSelectionViewDataModel.swift */,
			);
			path = Entities;
			sourceTree = "<group>";
		};
		00EC82A5287DA8DE00462575 /* UI Components */ = {
			isa = PBXGroup;
			children = (
				00EC829D287D94A000462575 /* SearchBarView.swift */,
			);
			path = "UI Components";
			sourceTree = "<group>";
		};
		00EC82A6287DA8FB00462575 /* View Models */ = {
			isa = PBXGroup;
			children = (
				00EC829F287D96E500462575 /* CitiesViewModel.swift */,
				002954B8287EF21F004C7AA6 /* StationsViewModel.swift */,
				00A4617928800B040028507B /* FilterViewModel.swift */,
				006CD7902881958300D027AA /* AppointmentDateSelectionViewModel.swift */,
			);
			path = "View Models";
			sourceTree = "<group>";
		};
		00EC82A7287DA92400462575 /* Helpers */ = {
			isa = PBXGroup;
			children = (
				00EC82A8287DA93F00462575 /* CitiesViewTableViewHelper.swift */,
			);
			path = Helpers;
			sourceTree = "<group>";
		};
/* End PBXGroup section */

/* Begin PBXNativeTarget section */
		00D7EDE2286C3FDF00E602D2 /* Charger Appointer */ = {
			isa = PBXNativeTarget;
			buildConfigurationList = 00D7EE0D286C3FE300E602D2 /* Build configuration list for PBXNativeTarget "Charger Appointer" */;
			buildPhases = (
				00D7EDDF286C3FDF00E602D2 /* Sources */,
				00D7EDE0286C3FDF00E602D2 /* Frameworks */,
				00D7EDE1286C3FDF00E602D2 /* Resources */,
			);
			buildRules = (
			);
			dependencies = (
			);
			name = "Charger Appointer";
			productName = "Charger Appointer";
			productReference = 00D7EDE3286C3FDF00E602D2 /* Charger Appointer.app */;
			productType = "com.apple.product-type.application";
		};
		00D7EDF8286C3FE300E602D2 /* Charger AppointerTests */ = {
			isa = PBXNativeTarget;
			buildConfigurationList = 00D7EE10286C3FE300E602D2 /* Build configuration list for PBXNativeTarget "Charger AppointerTests" */;
			buildPhases = (
				00D7EDF5286C3FE300E602D2 /* Sources */,
				00D7EDF6286C3FE300E602D2 /* Frameworks */,
				00D7EDF7286C3FE300E602D2 /* Resources */,
			);
			buildRules = (
			);
			dependencies = (
				00FC8919287C4370002C35AB /* PBXTargetDependency */,
			);
			name = "Charger AppointerTests";
			productName = "Charger AppointerTests";
			productReference = 00D7EDF9286C3FE300E602D2 /* Charger AppointerTests.xctest */;
			productType = "com.apple.product-type.bundle.unit-test";
		};
		00D7EE02286C3FE300E602D2 /* Charger AppointerUITests */ = {
			isa = PBXNativeTarget;
			buildConfigurationList = 00D7EE13286C3FE300E602D2 /* Build configuration list for PBXNativeTarget "Charger AppointerUITests" */;
			buildPhases = (
				00D7EDFF286C3FE300E602D2 /* Sources */,
				00D7EE00286C3FE300E602D2 /* Frameworks */,
				00D7EE01286C3FE300E602D2 /* Resources */,
			);
			buildRules = (
			);
			dependencies = (
				00FC891B287C4375002C35AB /* PBXTargetDependency */,
			);
			name = "Charger AppointerUITests";
			productName = "Charger AppointerUITests";
			productReference = 00D7EE03286C3FE300E602D2 /* Charger AppointerUITests.xctest */;
			productType = "com.apple.product-type.bundle.ui-testing";
		};
/* End PBXNativeTarget section */

/* Begin PBXProject section */
		00D7EDDB286C3FDF00E602D2 /* Project object */ = {
			isa = PBXProject;
			attributes = {
				BuildIndependentTargetsInParallel = 1;
				LastSwiftUpdateCheck = 1340;
				LastUpgradeCheck = 1340;
				TargetAttributes = {
					00D7EDE2286C3FDF00E602D2 = {
						CreatedOnToolsVersion = 13.4.1;
					};
					00D7EDF8286C3FE300E602D2 = {
						CreatedOnToolsVersion = 13.4.1;
						TestTargetID = 00D7EDE2286C3FDF00E602D2;
					};
					00D7EE02286C3FE300E602D2 = {
						CreatedOnToolsVersion = 13.4.1;
						TestTargetID = 00D7EDE2286C3FDF00E602D2;
					};
				};
			};
			buildConfigurationList = 00D7EDDE286C3FDF00E602D2 /* Build configuration list for PBXProject "Charger Appointer" */;
			compatibilityVersion = "Xcode 13.0";
			developmentRegion = en;
			hasScannedForEncodings = 0;
			knownRegions = (
				en,
				Base,
				tr,
			);
			mainGroup = 00D7EDDA286C3FDF00E602D2;
			productRefGroup = 00D7EDE4286C3FDF00E602D2 /* Products */;
			projectDirPath = "";
			projectRoot = "";
			targets = (
				00D7EDE2286C3FDF00E602D2 /* Charger Appointer */,
				00D7EDF8286C3FE300E602D2 /* Charger AppointerTests */,
				00D7EE02286C3FE300E602D2 /* Charger AppointerUITests */,
			);
		};
/* End PBXProject section */

/* Begin PBXResourcesBuildPhase section */
		00D7EDE1286C3FDF00E602D2 /* Resources */ = {
			isa = PBXResourcesBuildPhase;
			buildActionMask = 2147483647;
			files = (
				00D7EE33286C724C00E602D2 /* Ubuntu-Italic.ttf in Resources */,
				00D7EE30286C724C00E602D2 /* Ubuntu-LightItalic.ttf in Resources */,
				00D7EE2D286C724C00E602D2 /* Ubuntu-Bold.ttf in Resources */,
				00D7EE2F286C724C00E602D2 /* Ubuntu-BoldItalic.ttf in Resources */,
				00D7EE2C286C724C00E602D2 /* Ubuntu-Regular.ttf in Resources */,
				00D7EDF3286C3FE300E602D2 /* LaunchScreen.storyboard in Resources */,
				00D7EE1B286C45E800E602D2 /* Localizable.strings in Resources */,
				00D7EE32286C724C00E602D2 /* Ubuntu-Medium.ttf in Resources */,
				00D7EE2E286C724C00E602D2 /* Ubuntu-Light.ttf in Resources */,
				005C0F48287021A100E38A5C /* Colors.xcassets in Resources */,
				00D7EDF0286C3FE300E602D2 /* Assets.xcassets in Resources */,
				00D7EE31286C724C00E602D2 /* Ubuntu-MediumItalic.ttf in Resources */,
			);
			runOnlyForDeploymentPostprocessing = 0;
		};
		00D7EDF7286C3FE300E602D2 /* Resources */ = {
			isa = PBXResourcesBuildPhase;
			buildActionMask = 2147483647;
			files = (
			);
			runOnlyForDeploymentPostprocessing = 0;
		};
		00D7EE01286C3FE300E602D2 /* Resources */ = {
			isa = PBXResourcesBuildPhase;
			buildActionMask = 2147483647;
			files = (
			);
			runOnlyForDeploymentPostprocessing = 0;
		};
/* End PBXResourcesBuildPhase section */

/* Begin PBXSourcesBuildPhase section */
		00D7EDDF286C3FDF00E602D2 /* Sources */ = {
			isa = PBXSourcesBuildPhase;
			buildActionMask = 2147483647;
			files = (
				002954C5287F289B004C7AA6 /* StationsViewTableViewCell.swift in Sources */,
				005C0F4F2870287900E38A5C /* NSMutableAttributedString+Extensions.swift in Sources */,
				00A4617A28800B040028507B /* FilterViewModel.swift in Sources */,
				0075E880288324370097CDDA /* AppointmentDateSelectionCollectionViewCell.swift in Sources */,
				00E35A352871929700F8EE48 /* Data.swift in Sources */,
				00CD4A102872C64D00D50DB4 /* AppCoordinator.swift in Sources */,
				00EC8298287D8E9000462575 /* CitiesViewController.swift in Sources */,
				00D7EE36286C72FC00E602D2 /* Constants.swift in Sources */,
				005F94A72878107100565957 /* DetailsCard.swift in Sources */,
				0062C57C2874095D00FB16B9 /* MainViewCoordinator.swift in Sources */,
				00D7EE20286C480E00E602D2 /* AuthenticationViewController.swift in Sources */,
				00A62CCE2883E02D0096C355 /* AppointmentDetailsViewDataModel.swift in Sources */,
				006CD7952881B46900D027AA /* DateController.swift in Sources */,
				00E35A372871952300F8EE48 /* AuthenticationViewModel.swift in Sources */,
				00167185287591480003606F /* AccountDetailsViewModel.swift in Sources */,
				00A62CD12883E7500096C355 /* AppointmentDetailsRowStackView.swift in Sources */,
				001671872875AD590003606F /* AccountDetailsDataModel.swift in Sources */,
				002954BB287EF26A004C7AA6 /* StationsViewDataModel.swift in Sources */,
				00EC82A9287DA93F00462575 /* CitiesViewTableViewHelper.swift in Sources */,
				0075EC82288157DC00DEE60F /* StationsViewCollectionViewCell.swift in Sources */,
				002954BD287EF559004C7AA6 /* StationsCoordinator.swift in Sources */,
				0062C57E28742B0300FB16B9 /* MainViewModel.swift in Sources */,
				00A4617E2880446F0028507B /* FilterCategoryStackView.swift in Sources */,
				0075E87E28830EE20097CDDA /* AppointmentDateSelectionSlotButton.swift in Sources */,
				0075E87A2882EB140097CDDA /* AppointerDateSelectionSocketHourStackView.swift in Sources */,
				00A46183288063230028507B /* FilterSliderStackView.swift in Sources */,
				00E35A392871B49500F8EE48 /* Regex.swift in Sources */,
				00EC82A2287DA10B00462575 /* CitiesViewDataModel.swift in Sources */,
				006CD7912881958300D027AA /* AppointmentDateSelectionViewModel.swift in Sources */,
				002954C2287F2668004C7AA6 /* StationsViewTableViewHelper.swift in Sources */,
				005F94AB287861E500565957 /* LocationController.swift in Sources */,
				00EC8296287D8DC700462575 /* AppointerCoordinator.swift in Sources */,
				00D7EE39286C785300E602D2 /* AuthenticationViewDataModel.swift in Sources */,
				00A62CD728840DCA0096C355 /* AppointmentDetailsStationInfoView.swift in Sources */,
				0075E8782882DAEC0097CDDA /* AppointmentDateSelectionWarningView.swift in Sources */,
				00A3DEAA287C1E0100E35F27 /* AppointmentData.swift in Sources */,
				002954B9287EF21F004C7AA6 /* StationsViewModel.swift in Sources */,
				00A3DEAF287C384500E35F27 /* AppointmentsStationTableViewCell.swift in Sources */,
				00A4617828800AF50028507B /* FilterViewDataModel.swift in Sources */,
				0075EC8028814FB300DEE60F /* StationsViewFilterCollectionHelper.swift in Sources */,
				002954BF287EF5D5004C7AA6 /* StationsViewController.swift in Sources */,
				00D7EDEB286C3FDF00E602D2 /* ViewController.swift in Sources */,
				00A62CCC2883E0170096C355 /* AppointmetnDetailsViewModel.swift in Sources */,
				00A62CCA2883E0040096C355 /* AppointmetnDetailsViewController.swift in Sources */,
				00167183287591240003606F /* AccountDetailsViewController.swift in Sources */,
				00EC82A0287D96E500462575 /* CitiesViewModel.swift in Sources */,
				00167181287587DC0003606F /* MainViewDataModel.swift in Sources */,
				005C0F4B2870236900E38A5C /* UIColor+Extensions.swift in Sources */,
				006CD78F2881956F00D027AA /* AppointmentDateSelectionViewController.swift in Sources */,
				00A461812880499A0028507B /* FilterCollectionViewCell.swift in Sources */,
				00A3DEB2287C38A100E35F27 /* AppointmentsTableViewHelper.swift in Sources */,
				00A4617628800AE80028507B /* FilterViewController.swift in Sources */,
				00D7EDE7286C3FDF00E602D2 /* AppDelegate.swift in Sources */,
				006CD7932881959900D027AA /* AppointmentDateSelectionViewDataModel.swift in Sources */,
				00EC829E287D94A000462575 /* SearchBarView.swift in Sources */,
				00EC8292287D732900462575 /* AppointmentScreenMessageView.swift in Sources */,
				006CD7982881C65900D027AA /* AppointmentDateSelectionDatePickerView.swift in Sources */,
				005C0F4D2870285200E38A5C /* UIView+Extensions.swift in Sources */,
				00A3DEAD287C344100E35F27 /* StationTableViewCell.swift in Sources */,
				00A62CD52883EFE70096C355 /* WarningViewController.swift in Sources */,
			);
			runOnlyForDeploymentPostprocessing = 0;
		};
		00D7EDF5286C3FE300E602D2 /* Sources */ = {
			isa = PBXSourcesBuildPhase;
			buildActionMask = 2147483647;
			files = (
				00D7EDFE286C3FE300E602D2 /* Charger_AppointerTests.swift in Sources */,
			);
			runOnlyForDeploymentPostprocessing = 0;
		};
		00D7EDFF286C3FE300E602D2 /* Sources */ = {
			isa = PBXSourcesBuildPhase;
			buildActionMask = 2147483647;
			files = (
				00D7EE0A286C3FE300E602D2 /* Charger_AppointerUITestsLaunchTests.swift in Sources */,
				00D7EE08286C3FE300E602D2 /* Charger_AppointerUITests.swift in Sources */,
			);
			runOnlyForDeploymentPostprocessing = 0;
		};
/* End PBXSourcesBuildPhase section */

/* Begin PBXTargetDependency section */
		00FC8919287C4370002C35AB /* PBXTargetDependency */ = {
			isa = PBXTargetDependency;
			target = 00D7EDE2286C3FDF00E602D2 /* Charger Appointer */;
			targetProxy = 00FC8918287C4370002C35AB /* PBXContainerItemProxy */;
		};
		00FC891B287C4375002C35AB /* PBXTargetDependency */ = {
			isa = PBXTargetDependency;
			target = 00D7EDE2286C3FDF00E602D2 /* Charger Appointer */;
			targetProxy = 00FC891A287C4375002C35AB /* PBXContainerItemProxy */;
		};
/* End PBXTargetDependency section */

/* Begin PBXVariantGroup section */
		00D7EDF1286C3FE300E602D2 /* LaunchScreen.storyboard */ = {
			isa = PBXVariantGroup;
			children = (
				00D7EDF2286C3FE300E602D2 /* Base */,
				00D7EE21286C52D100E602D2 /* tr */,
			);
			name = LaunchScreen.storyboard;
			sourceTree = "<group>";
		};
		00D7EE1D286C45E800E602D2 /* Localizable.strings */ = {
			isa = PBXVariantGroup;
			children = (
				00D7EE1C286C45E800E602D2 /* en */,
				00D7EE22286C52DE00E602D2 /* tr */,
			);
			name = Localizable.strings;
			sourceTree = "<group>";
		};
/* End PBXVariantGroup section */

/* Begin XCBuildConfiguration section */
		00D7EE0B286C3FE300E602D2 /* Debug */ = {
			isa = XCBuildConfiguration;
			buildSettings = {
				ALWAYS_SEARCH_USER_PATHS = NO;
				CLANG_ANALYZER_LOCALIZABILITY_NONLOCALIZED = YES;
				CLANG_ANALYZER_NONNULL = YES;
				CLANG_ANALYZER_NUMBER_OBJECT_CONVERSION = YES_AGGRESSIVE;
				CLANG_CXX_LANGUAGE_STANDARD = "gnu++17";
				CLANG_ENABLE_MODULES = YES;
				CLANG_ENABLE_OBJC_ARC = YES;
				CLANG_ENABLE_OBJC_WEAK = YES;
				CLANG_WARN_BLOCK_CAPTURE_AUTORELEASING = YES;
				CLANG_WARN_BOOL_CONVERSION = YES;
				CLANG_WARN_COMMA = YES;
				CLANG_WARN_CONSTANT_CONVERSION = YES;
				CLANG_WARN_DEPRECATED_OBJC_IMPLEMENTATIONS = YES;
				CLANG_WARN_DIRECT_OBJC_ISA_USAGE = YES_ERROR;
				CLANG_WARN_DOCUMENTATION_COMMENTS = YES;
				CLANG_WARN_EMPTY_BODY = YES;
				CLANG_WARN_ENUM_CONVERSION = YES;
				CLANG_WARN_INFINITE_RECURSION = YES;
				CLANG_WARN_INT_CONVERSION = YES;
				CLANG_WARN_NON_LITERAL_NULL_CONVERSION = YES;
				CLANG_WARN_OBJC_IMPLICIT_RETAIN_SELF = YES;
				CLANG_WARN_OBJC_LITERAL_CONVERSION = YES;
				CLANG_WARN_OBJC_ROOT_CLASS = YES_ERROR;
				CLANG_WARN_QUOTED_INCLUDE_IN_FRAMEWORK_HEADER = YES;
				CLANG_WARN_RANGE_LOOP_ANALYSIS = YES;
				CLANG_WARN_STRICT_PROTOTYPES = YES;
				CLANG_WARN_SUSPICIOUS_MOVE = YES;
				CLANG_WARN_UNGUARDED_AVAILABILITY = YES_AGGRESSIVE;
				CLANG_WARN_UNREACHABLE_CODE = YES;
				CLANG_WARN__DUPLICATE_METHOD_MATCH = YES;
				COPY_PHASE_STRIP = NO;
				DEBUG_INFORMATION_FORMAT = dwarf;
				ENABLE_STRICT_OBJC_MSGSEND = YES;
				ENABLE_TESTABILITY = YES;
				GCC_C_LANGUAGE_STANDARD = gnu11;
				GCC_DYNAMIC_NO_PIC = NO;
				GCC_NO_COMMON_BLOCKS = YES;
				GCC_OPTIMIZATION_LEVEL = 0;
				GCC_PREPROCESSOR_DEFINITIONS = (
					"DEBUG=1",
					"$(inherited)",
				);
				GCC_WARN_64_TO_32_BIT_CONVERSION = YES;
				GCC_WARN_ABOUT_RETURN_TYPE = YES_ERROR;
				GCC_WARN_UNDECLARED_SELECTOR = YES;
				GCC_WARN_UNINITIALIZED_AUTOS = YES_AGGRESSIVE;
				GCC_WARN_UNUSED_FUNCTION = YES;
				GCC_WARN_UNUSED_VARIABLE = YES;
				IPHONEOS_DEPLOYMENT_TARGET = 15.5;
				MTL_ENABLE_DEBUG_INFO = INCLUDE_SOURCE;
				MTL_FAST_MATH = YES;
				ONLY_ACTIVE_ARCH = YES;
				SDKROOT = iphoneos;
				SWIFT_ACTIVE_COMPILATION_CONDITIONS = DEBUG;
				SWIFT_OPTIMIZATION_LEVEL = "-Onone";
			};
			name = Debug;
		};
		00D7EE0C286C3FE300E602D2 /* Release */ = {
			isa = XCBuildConfiguration;
			buildSettings = {
				ALWAYS_SEARCH_USER_PATHS = NO;
				CLANG_ANALYZER_LOCALIZABILITY_NONLOCALIZED = YES;
				CLANG_ANALYZER_NONNULL = YES;
				CLANG_ANALYZER_NUMBER_OBJECT_CONVERSION = YES_AGGRESSIVE;
				CLANG_CXX_LANGUAGE_STANDARD = "gnu++17";
				CLANG_ENABLE_MODULES = YES;
				CLANG_ENABLE_OBJC_ARC = YES;
				CLANG_ENABLE_OBJC_WEAK = YES;
				CLANG_WARN_BLOCK_CAPTURE_AUTORELEASING = YES;
				CLANG_WARN_BOOL_CONVERSION = YES;
				CLANG_WARN_COMMA = YES;
				CLANG_WARN_CONSTANT_CONVERSION = YES;
				CLANG_WARN_DEPRECATED_OBJC_IMPLEMENTATIONS = YES;
				CLANG_WARN_DIRECT_OBJC_ISA_USAGE = YES_ERROR;
				CLANG_WARN_DOCUMENTATION_COMMENTS = YES;
				CLANG_WARN_EMPTY_BODY = YES;
				CLANG_WARN_ENUM_CONVERSION = YES;
				CLANG_WARN_INFINITE_RECURSION = YES;
				CLANG_WARN_INT_CONVERSION = YES;
				CLANG_WARN_NON_LITERAL_NULL_CONVERSION = YES;
				CLANG_WARN_OBJC_IMPLICIT_RETAIN_SELF = YES;
				CLANG_WARN_OBJC_LITERAL_CONVERSION = YES;
				CLANG_WARN_OBJC_ROOT_CLASS = YES_ERROR;
				CLANG_WARN_QUOTED_INCLUDE_IN_FRAMEWORK_HEADER = YES;
				CLANG_WARN_RANGE_LOOP_ANALYSIS = YES;
				CLANG_WARN_STRICT_PROTOTYPES = YES;
				CLANG_WARN_SUSPICIOUS_MOVE = YES;
				CLANG_WARN_UNGUARDED_AVAILABILITY = YES_AGGRESSIVE;
				CLANG_WARN_UNREACHABLE_CODE = YES;
				CLANG_WARN__DUPLICATE_METHOD_MATCH = YES;
				COPY_PHASE_STRIP = NO;
				DEBUG_INFORMATION_FORMAT = "dwarf-with-dsym";
				ENABLE_NS_ASSERTIONS = NO;
				ENABLE_STRICT_OBJC_MSGSEND = YES;
				GCC_C_LANGUAGE_STANDARD = gnu11;
				GCC_NO_COMMON_BLOCKS = YES;
				GCC_WARN_64_TO_32_BIT_CONVERSION = YES;
				GCC_WARN_ABOUT_RETURN_TYPE = YES_ERROR;
				GCC_WARN_UNDECLARED_SELECTOR = YES;
				GCC_WARN_UNINITIALIZED_AUTOS = YES_AGGRESSIVE;
				GCC_WARN_UNUSED_FUNCTION = YES;
				GCC_WARN_UNUSED_VARIABLE = YES;
				IPHONEOS_DEPLOYMENT_TARGET = 15.5;
				MTL_ENABLE_DEBUG_INFO = NO;
				MTL_FAST_MATH = YES;
				SDKROOT = iphoneos;
				SWIFT_COMPILATION_MODE = wholemodule;
				SWIFT_OPTIMIZATION_LEVEL = "-O";
				VALIDATE_PRODUCT = YES;
			};
			name = Release;
		};
		00D7EE0E286C3FE300E602D2 /* Debug */ = {
			isa = XCBuildConfiguration;
			buildSettings = {
				ASSETCATALOG_COMPILER_APPICON_NAME = AppIcon;
				ASSETCATALOG_COMPILER_GLOBAL_ACCENT_COLOR_NAME = AccentColor;
				CODE_SIGN_STYLE = Automatic;
				CURRENT_PROJECT_VERSION = 1;
				DEVELOPMENT_TEAM = R2MF39ASQT;
				GENERATE_INFOPLIST_FILE = YES;
				INFOPLIST_FILE = "Charger Appointer/Info.plist";
				INFOPLIST_KEY_UIApplicationSupportsIndirectInputEvents = YES;
				INFOPLIST_KEY_UILaunchStoryboardName = LaunchScreen;
				INFOPLIST_KEY_UISupportedInterfaceOrientations = UIInterfaceOrientationPortrait;
				INFOPLIST_KEY_UISupportedInterfaceOrientations_iPad = "UIInterfaceOrientationPortrait UIInterfaceOrientationPortraitUpsideDown UIInterfaceOrientationLandscapeLeft UIInterfaceOrientationLandscapeRight";
				INFOPLIST_KEY_UISupportedInterfaceOrientations_iPhone = "UIInterfaceOrientationPortrait UIInterfaceOrientationLandscapeLeft UIInterfaceOrientationLandscapeRight";
				LD_RUNPATH_SEARCH_PATHS = (
					"$(inherited)",
					"@executable_path/Frameworks",
				);
				MARKETING_VERSION = 1.0;
				PRODUCT_BUNDLE_IDENTIFIER = "Mert-Tecimen.Charger-Appointer";
				PRODUCT_NAME = "$(TARGET_NAME)";
				SWIFT_EMIT_LOC_STRINGS = YES;
				SWIFT_VERSION = 5.0;
				TARGETED_DEVICE_FAMILY = "1,2";
			};
			name = Debug;
		};
		00D7EE0F286C3FE300E602D2 /* Release */ = {
			isa = XCBuildConfiguration;
			buildSettings = {
				ASSETCATALOG_COMPILER_APPICON_NAME = AppIcon;
				ASSETCATALOG_COMPILER_GLOBAL_ACCENT_COLOR_NAME = AccentColor;
				CODE_SIGN_STYLE = Automatic;
				CURRENT_PROJECT_VERSION = 1;
				DEVELOPMENT_TEAM = R2MF39ASQT;
				GENERATE_INFOPLIST_FILE = YES;
				INFOPLIST_FILE = "Charger Appointer/Info.plist";
				INFOPLIST_KEY_UIApplicationSupportsIndirectInputEvents = YES;
				INFOPLIST_KEY_UILaunchStoryboardName = LaunchScreen;
				INFOPLIST_KEY_UISupportedInterfaceOrientations = UIInterfaceOrientationPortrait;
				INFOPLIST_KEY_UISupportedInterfaceOrientations_iPad = "UIInterfaceOrientationPortrait UIInterfaceOrientationPortraitUpsideDown UIInterfaceOrientationLandscapeLeft UIInterfaceOrientationLandscapeRight";
				INFOPLIST_KEY_UISupportedInterfaceOrientations_iPhone = "UIInterfaceOrientationPortrait UIInterfaceOrientationLandscapeLeft UIInterfaceOrientationLandscapeRight";
				LD_RUNPATH_SEARCH_PATHS = (
					"$(inherited)",
					"@executable_path/Frameworks",
				);
				MARKETING_VERSION = 1.0;
				PRODUCT_BUNDLE_IDENTIFIER = "Mert-Tecimen.Charger-Appointer";
				PRODUCT_NAME = "$(TARGET_NAME)";
				SWIFT_EMIT_LOC_STRINGS = YES;
				SWIFT_VERSION = 5.0;
				TARGETED_DEVICE_FAMILY = "1,2";
			};
			name = Release;
		};
		00D7EE11286C3FE300E602D2 /* Debug */ = {
			isa = XCBuildConfiguration;
			buildSettings = {
				ALWAYS_EMBED_SWIFT_STANDARD_LIBRARIES = YES;
				CODE_SIGN_STYLE = Automatic;
				CURRENT_PROJECT_VERSION = 1;
				DEVELOPMENT_TEAM = R2MF39ASQT;
				GENERATE_INFOPLIST_FILE = YES;
				IPHONEOS_DEPLOYMENT_TARGET = 15.5;
				MARKETING_VERSION = 1.0;
				PRODUCT_BUNDLE_IDENTIFIER = "Mert-Tecimen.Charger-AppointerTests";
				PRODUCT_NAME = "$(TARGET_NAME)";
				SWIFT_EMIT_LOC_STRINGS = NO;
				SWIFT_VERSION = 5.0;
				TARGETED_DEVICE_FAMILY = "1,2";
				TEST_HOST = "$(BUILT_PRODUCTS_DIR)/Charger Appointer.app/Charger Appointer";
			};
			name = Debug;
		};
		00D7EE12286C3FE300E602D2 /* Release */ = {
			isa = XCBuildConfiguration;
			buildSettings = {
				ALWAYS_EMBED_SWIFT_STANDARD_LIBRARIES = YES;
				CODE_SIGN_STYLE = Automatic;
				CURRENT_PROJECT_VERSION = 1;
				DEVELOPMENT_TEAM = R2MF39ASQT;
				GENERATE_INFOPLIST_FILE = YES;
				IPHONEOS_DEPLOYMENT_TARGET = 15.5;
				MARKETING_VERSION = 1.0;
				PRODUCT_BUNDLE_IDENTIFIER = "Mert-Tecimen.Charger-AppointerTests";
				PRODUCT_NAME = "$(TARGET_NAME)";
				SWIFT_EMIT_LOC_STRINGS = NO;
				SWIFT_VERSION = 5.0;
				TARGETED_DEVICE_FAMILY = "1,2";
				TEST_HOST = "$(BUILT_PRODUCTS_DIR)/Charger Appointer.app/Charger Appointer";
			};
			name = Release;
		};
		00D7EE14286C3FE300E602D2 /* Debug */ = {
			isa = XCBuildConfiguration;
			buildSettings = {
				ALWAYS_EMBED_SWIFT_STANDARD_LIBRARIES = YES;
				CODE_SIGN_STYLE = Automatic;
				CURRENT_PROJECT_VERSION = 1;
				DEVELOPMENT_TEAM = R2MF39ASQT;
				GENERATE_INFOPLIST_FILE = YES;
				MARKETING_VERSION = 1.0;
				PRODUCT_BUNDLE_IDENTIFIER = "Mert-Tecimen.Charger-AppointerUITests";
				PRODUCT_NAME = "$(TARGET_NAME)";
				PROVISIONING_PROFILE = "";
				SWIFT_EMIT_LOC_STRINGS = NO;
				SWIFT_VERSION = 5.0;
				TARGETED_DEVICE_FAMILY = "1,2";
				TEST_TARGET_NAME = "Charger Appointer";
			};
			name = Debug;
		};
		00D7EE15286C3FE300E602D2 /* Release */ = {
			isa = XCBuildConfiguration;
			buildSettings = {
				ALWAYS_EMBED_SWIFT_STANDARD_LIBRARIES = YES;
				CODE_SIGN_STYLE = Automatic;
				CURRENT_PROJECT_VERSION = 1;
				DEVELOPMENT_TEAM = R2MF39ASQT;
				GENERATE_INFOPLIST_FILE = YES;
				MARKETING_VERSION = 1.0;
				PRODUCT_BUNDLE_IDENTIFIER = "Mert-Tecimen.Charger-AppointerUITests";
				PRODUCT_NAME = "$(TARGET_NAME)";
				PROVISIONING_PROFILE = "";
				SWIFT_EMIT_LOC_STRINGS = NO;
				SWIFT_VERSION = 5.0;
				TARGETED_DEVICE_FAMILY = "1,2";
				TEST_TARGET_NAME = "Charger Appointer";
			};
			name = Release;
		};
/* End XCBuildConfiguration section */

/* Begin XCConfigurationList section */
		00D7EDDE286C3FDF00E602D2 /* Build configuration list for PBXProject "Charger Appointer" */ = {
			isa = XCConfigurationList;
			buildConfigurations = (
				00D7EE0B286C3FE300E602D2 /* Debug */,
				00D7EE0C286C3FE300E602D2 /* Release */,
			);
			defaultConfigurationIsVisible = 0;
			defaultConfigurationName = Release;
		};
		00D7EE0D286C3FE300E602D2 /* Build configuration list for PBXNativeTarget "Charger Appointer" */ = {
			isa = XCConfigurationList;
			buildConfigurations = (
				00D7EE0E286C3FE300E602D2 /* Debug */,
				00D7EE0F286C3FE300E602D2 /* Release */,
			);
			defaultConfigurationIsVisible = 0;
			defaultConfigurationName = Release;
		};
		00D7EE10286C3FE300E602D2 /* Build configuration list for PBXNativeTarget "Charger AppointerTests" */ = {
			isa = XCConfigurationList;
			buildConfigurations = (
				00D7EE11286C3FE300E602D2 /* Debug */,
				00D7EE12286C3FE300E602D2 /* Release */,
			);
			defaultConfigurationIsVisible = 0;
			defaultConfigurationName = Release;
		};
		00D7EE13286C3FE300E602D2 /* Build configuration list for PBXNativeTarget "Charger AppointerUITests" */ = {
			isa = XCConfigurationList;
			buildConfigurations = (
				00D7EE14286C3FE300E602D2 /* Debug */,
				00D7EE15286C3FE300E602D2 /* Release */,
			);
			defaultConfigurationIsVisible = 0;
			defaultConfigurationName = Release;
		};
/* End XCConfigurationList section */
	};
	rootObject = 00D7EDDB286C3FDF00E602D2 /* Project object */;
}
